// !$*UTF8*$!
{
	archiveVersion = 1;
	classes = {
	};
	objectVersion = 56;
	objects = {

/* Begin PBXBuildFile section */
		E259A06629B22F0F00F4C649 /* ProfileViewController.swift in Sources */ = {isa = PBXBuildFile; fileRef = E259A06529B22F0F00F4C649 /* ProfileViewController.swift */; };
		E259A06829B4817E00F4C649 /* SingleImageViewController.swift in Sources */ = {isa = PBXBuildFile; fileRef = E259A06729B4817E00F4C649 /* SingleImageViewController.swift */; };
		E25AB97429DDAF9800F4D08D /* ProgressHUD in Frameworks */ = {isa = PBXBuildFile; productRef = E25AB97329DDAF9800F4D08D /* ProgressHUD */; };
		E27FB57829E019310011FC55 /* UIBlockingProgressHUD.swift in Sources */ = {isa = PBXBuildFile; fileRef = E27FB57729E019310011FC55 /* UIBlockingProgressHUD.swift */; };
		E27FB57B29E033290011FC55 /* ProfileService.swift in Sources */ = {isa = PBXBuildFile; fileRef = E27FB57A29E033290011FC55 /* ProfileService.swift */; };
		E27FB57D29E033C40011FC55 /* Profile.swift in Sources */ = {isa = PBXBuildFile; fileRef = E27FB57C29E033C40011FC55 /* Profile.swift */; };
		E27FB58029E164660011FC55 /* ProfileImageService.swift in Sources */ = {isa = PBXBuildFile; fileRef = E27FB57F29E164660011FC55 /* ProfileImageService.swift */; };
		E27FB58229E1649A0011FC55 /* UserResult.swift in Sources */ = {isa = PBXBuildFile; fileRef = E27FB58129E1649A0011FC55 /* UserResult.swift */; };
		E27FB58529E2DC6B0011FC55 /* Kingfisher in Frameworks */ = {isa = PBXBuildFile; productRef = E27FB58429E2DC6B0011FC55 /* Kingfisher */; };
		E27FB58829E41AAC0011FC55 /* SwiftKeychainWrapper in Frameworks */ = {isa = PBXBuildFile; productRef = E27FB58729E41AAC0011FC55 /* SwiftKeychainWrapper */; };
		E27FB58A29E427AB0011FC55 /* TabBarController.swift in Sources */ = {isa = PBXBuildFile; fileRef = E27FB58929E427AB0011FC55 /* TabBarController.swift */; };
		E27FCA1F29A3A04E0001C526 /* ImagesListViewController.swift in Sources */ = {isa = PBXBuildFile; fileRef = E27FCA1D29A3A04E0001C526 /* ImagesListViewController.swift */; };
		E27FCA2029A3A04E0001C526 /* ImagesListCell.swift in Sources */ = {isa = PBXBuildFile; fileRef = E27FCA1E29A3A04E0001C526 /* ImagesListCell.swift */; };
		E288D4572A14D89500C4955F /* AlertModel.swift in Sources */ = {isa = PBXBuildFile; fileRef = E288D4562A14D89500C4955F /* AlertModel.swift */; };
		E2938F9229BDA60400E05696 /* Resources.swift in Sources */ = {isa = PBXBuildFile; fileRef = E2938F9129BDA60400E05696 /* Resources.swift */; };
		E2938F9529BDA75D00E05696 /* UIColor + ext.swift in Sources */ = {isa = PBXBuildFile; fileRef = E2938F9429BDA75D00E05696 /* UIColor + ext.swift */; };
		E29B08FE299FC8000099212A /* AppDelegate.swift in Sources */ = {isa = PBXBuildFile; fileRef = E29B08FD299FC8000099212A /* AppDelegate.swift */; };
		E29B0900299FC8000099212A /* SceneDelegate.swift in Sources */ = {isa = PBXBuildFile; fileRef = E29B08FF299FC8000099212A /* SceneDelegate.swift */; };
		E29B0905299FC8000099212A /* Main.storyboard in Resources */ = {isa = PBXBuildFile; fileRef = E29B0903299FC8000099212A /* Main.storyboard */; };
		E29B0907299FC8010099212A /* Assets.xcassets in Resources */ = {isa = PBXBuildFile; fileRef = E29B0906299FC8010099212A /* Assets.xcassets */; };
		E29B090A299FC8010099212A /* LaunchScreen.storyboard in Resources */ = {isa = PBXBuildFile; fileRef = E29B0908299FC8010099212A /* LaunchScreen.storyboard */; };
		E2A070B02A09140100909433 /* WebViewControllerProtocol.swift in Sources */ = {isa = PBXBuildFile; fileRef = E2A070AF2A09140100909433 /* WebViewControllerProtocol.swift */; };
		E2A070B22A09145C00909433 /* WebViewPresenterProtocol.swift in Sources */ = {isa = PBXBuildFile; fileRef = E2A070B12A09145C00909433 /* WebViewPresenterProtocol.swift */; };
		E2A070B42A0915D600909433 /* WebViewPresenter.swift in Sources */ = {isa = PBXBuildFile; fileRef = E2A070B32A0915D600909433 /* WebViewPresenter.swift */; };
		E2A070B62A0A124800909433 /* AuthHelperProtocol.swift in Sources */ = {isa = PBXBuildFile; fileRef = E2A070B52A0A124800909433 /* AuthHelperProtocol.swift */; };
		E2A070B82A0A128B00909433 /* AuthHelper.swift in Sources */ = {isa = PBXBuildFile; fileRef = E2A070B72A0A128B00909433 /* AuthHelper.swift */; };
		E2A070C02A0A180F00909433 /* WebViewTests.swift in Sources */ = {isa = PBXBuildFile; fileRef = E2A070BF2A0A180F00909433 /* WebViewTests.swift */; };
		E2A070C72A0A217800909433 /* ProfilePresenterProtocol.swift in Sources */ = {isa = PBXBuildFile; fileRef = E2A070C62A0A217800909433 /* ProfilePresenterProtocol.swift */; };
		E2A070C92A0A218700909433 /* ProfilePresenter.swift in Sources */ = {isa = PBXBuildFile; fileRef = E2A070C82A0A218700909433 /* ProfilePresenter.swift */; };
		E2A070CD2A0A355C00909433 /* ProfilePresenterDelegate.swift in Sources */ = {isa = PBXBuildFile; fileRef = E2A070CC2A0A355C00909433 /* ProfilePresenterDelegate.swift */; };
		E2A070CF2A0A457700909433 /* ProfileTests.swift in Sources */ = {isa = PBXBuildFile; fileRef = E2A070CE2A0A457700909433 /* ProfileTests.swift */; };
		E2A070D12A0A4AD400909433 /* ProfileViewControllerProtocol.swift in Sources */ = {isa = PBXBuildFile; fileRef = E2A070D02A0A4AD400909433 /* ProfileViewControllerProtocol.swift */; };
		E2A070D32A0A525500909433 /* ImagesListPresenterProtocol.swift in Sources */ = {isa = PBXBuildFile; fileRef = E2A070D22A0A525500909433 /* ImagesListPresenterProtocol.swift */; };
		E2A070D52A0A527900909433 /* ImagesListPresenter.swift in Sources */ = {isa = PBXBuildFile; fileRef = E2A070D42A0A527900909433 /* ImagesListPresenter.swift */; };
		E2A070D72A0A579900909433 /* ImagesListPresenterDelegate.swift in Sources */ = {isa = PBXBuildFile; fileRef = E2A070D62A0A579900909433 /* ImagesListPresenterDelegate.swift */; };
		E2A070D92A107A6500909433 /* ImagesListTests.swift in Sources */ = {isa = PBXBuildFile; fileRef = E2A070D82A107A6500909433 /* ImagesListTests.swift */; };
		E2A070DB2A107B9500909433 /* ImagesListViewControllerProtocol.swift in Sources */ = {isa = PBXBuildFile; fileRef = E2A070DA2A107B9500909433 /* ImagesListViewControllerProtocol.swift */; };
		E2A3468429EAF01300580B65 /* ImagesListService.swift in Sources */ = {isa = PBXBuildFile; fileRef = E2A3468329EAF01300580B65 /* ImagesListService.swift */; };
		E2A3468629EAF05E00580B65 /* Photo.swift in Sources */ = {isa = PBXBuildFile; fileRef = E2A3468529EAF05E00580B65 /* Photo.swift */; };
		E2A3468829EAF52800580B65 /* PhotoResult.swift in Sources */ = {isa = PBXBuildFile; fileRef = E2A3468729EAF52800580B65 /* PhotoResult.swift */; };
		E2A3469729EED33700580B65 /* PhotoLikedRequest.swift in Sources */ = {isa = PBXBuildFile; fileRef = E2A3469629EED33700580B65 /* PhotoLikedRequest.swift */; };
		E2A3469929F01E2800580B65 /* Array + ext.swift in Sources */ = {isa = PBXBuildFile; fileRef = E2A3469829F01E2800580B65 /* Array + ext.swift */; };
		E2A3469B29F0273300580B65 /* ImagesListCellDelegate.swift in Sources */ = {isa = PBXBuildFile; fileRef = E2A3469A29F0273300580B65 /* ImagesListCellDelegate.swift */; };
		E2B650782A10922900CE54DC /* ImageFeedUITests.swift in Sources */ = {isa = PBXBuildFile; fileRef = E2B650772A10922900CE54DC /* ImageFeedUITests.swift */; };
		E2B6507A2A10922900CE54DC /* ImageFeedUITestsLaunchTests.swift in Sources */ = {isa = PBXBuildFile; fileRef = E2B650792A10922900CE54DC /* ImageFeedUITestsLaunchTests.swift */; };
		E2DBF71229C4B5D900E3CCAA /* AuthConfiguration.swift in Sources */ = {isa = PBXBuildFile; fileRef = E2DBF71129C4B5D900E3CCAA /* AuthConfiguration.swift */; };
		E2DBF71529C5F5C100E3CCAA /* WebViewViewController.swift in Sources */ = {isa = PBXBuildFile; fileRef = E2DBF71429C5F5C100E3CCAA /* WebViewViewController.swift */; };
		E2DBF71729C5F6D200E3CCAA /* AuthViewController.swift in Sources */ = {isa = PBXBuildFile; fileRef = E2DBF71629C5F6D200E3CCAA /* AuthViewController.swift */; };
		E2DBF71929C606B900E3CCAA /* WebViewViewControllerDelegate.swift in Sources */ = {isa = PBXBuildFile; fileRef = E2DBF71829C606B900E3CCAA /* WebViewViewControllerDelegate.swift */; };
		E2DBF71B29C6E18200E3CCAA /* OAuthTokenResponseBody.swift in Sources */ = {isa = PBXBuildFile; fileRef = E2DBF71A29C6E18200E3CCAA /* OAuthTokenResponseBody.swift */; };
		E2DBF71D29C6E25200E3CCAA /* OAuth2Service.swift in Sources */ = {isa = PBXBuildFile; fileRef = E2DBF71C29C6E25200E3CCAA /* OAuth2Service.swift */; };
		E2DBF71F29C6E51100E3CCAA /* OAuth2TokenStorage.swift in Sources */ = {isa = PBXBuildFile; fileRef = E2DBF71E29C6E51100E3CCAA /* OAuth2TokenStorage.swift */; };
		E2DBF72129C6F8AA00E3CCAA /* URLRequest + ext.swift in Sources */ = {isa = PBXBuildFile; fileRef = E2DBF72029C6F8AA00E3CCAA /* URLRequest + ext.swift */; };
		E2DBF72329C7031900E3CCAA /* URLSession + Ext.swift in Sources */ = {isa = PBXBuildFile; fileRef = E2DBF72229C7031900E3CCAA /* URLSession + Ext.swift */; };
		E2DBF79C29CB3D3800E3CCAA /* SplashViewController.swift in Sources */ = {isa = PBXBuildFile; fileRef = E2DBF79B29CB3D3800E3CCAA /* SplashViewController.swift */; };
		E2DBF79E29CB426C00E3CCAA /* AuthViewControllerDelegate.swift in Sources */ = {isa = PBXBuildFile; fileRef = E2DBF79D29CB426C00E3CCAA /* AuthViewControllerDelegate.swift */; };
/* End PBXBuildFile section */

/* Begin PBXContainerItemProxy section */
		E2A070C12A0A180F00909433 /* PBXContainerItemProxy */ = {
			isa = PBXContainerItemProxy;
			containerPortal = E29B08F2299FC8000099212A /* Project object */;
			proxyType = 1;
			remoteGlobalIDString = E29B08F9299FC8000099212A;
			remoteInfo = ImageFeed;
		};
		E2B6507B2A10922900CE54DC /* PBXContainerItemProxy */ = {
			isa = PBXContainerItemProxy;
			containerPortal = E29B08F2299FC8000099212A /* Project object */;
			proxyType = 1;
			remoteGlobalIDString = E29B08F9299FC8000099212A;
			remoteInfo = ImageFeed;
		};
/* End PBXContainerItemProxy section */

/* Begin PBXFileReference section */
		E259A06529B22F0F00F4C649 /* ProfileViewController.swift */ = {isa = PBXFileReference; lastKnownFileType = sourcecode.swift; path = ProfileViewController.swift; sourceTree = "<group>"; };
		E259A06729B4817E00F4C649 /* SingleImageViewController.swift */ = {isa = PBXFileReference; lastKnownFileType = sourcecode.swift; path = SingleImageViewController.swift; sourceTree = "<group>"; };
		E27FB57729E019310011FC55 /* UIBlockingProgressHUD.swift */ = {isa = PBXFileReference; lastKnownFileType = sourcecode.swift; path = UIBlockingProgressHUD.swift; sourceTree = "<group>"; };
		E27FB57A29E033290011FC55 /* ProfileService.swift */ = {isa = PBXFileReference; lastKnownFileType = sourcecode.swift; path = ProfileService.swift; sourceTree = "<group>"; };
		E27FB57C29E033C40011FC55 /* Profile.swift */ = {isa = PBXFileReference; lastKnownFileType = sourcecode.swift; path = Profile.swift; sourceTree = "<group>"; };
		E27FB57F29E164660011FC55 /* ProfileImageService.swift */ = {isa = PBXFileReference; lastKnownFileType = sourcecode.swift; path = ProfileImageService.swift; sourceTree = "<group>"; };
		E27FB58129E1649A0011FC55 /* UserResult.swift */ = {isa = PBXFileReference; lastKnownFileType = sourcecode.swift; path = UserResult.swift; sourceTree = "<group>"; };
		E27FB58929E427AB0011FC55 /* TabBarController.swift */ = {isa = PBXFileReference; lastKnownFileType = sourcecode.swift; path = TabBarController.swift; sourceTree = "<group>"; };
		E27FCA1D29A3A04E0001C526 /* ImagesListViewController.swift */ = {isa = PBXFileReference; fileEncoding = 4; lastKnownFileType = sourcecode.swift; path = ImagesListViewController.swift; sourceTree = "<group>"; };
		E27FCA1E29A3A04E0001C526 /* ImagesListCell.swift */ = {isa = PBXFileReference; fileEncoding = 4; lastKnownFileType = sourcecode.swift; path = ImagesListCell.swift; sourceTree = "<group>"; };
		E288D4562A14D89500C4955F /* AlertModel.swift */ = {isa = PBXFileReference; lastKnownFileType = sourcecode.swift; path = AlertModel.swift; sourceTree = "<group>"; };
		E2938F9129BDA60400E05696 /* Resources.swift */ = {isa = PBXFileReference; lastKnownFileType = sourcecode.swift; path = Resources.swift; sourceTree = "<group>"; };
		E2938F9429BDA75D00E05696 /* UIColor + ext.swift */ = {isa = PBXFileReference; lastKnownFileType = sourcecode.swift; path = "UIColor + ext.swift"; sourceTree = "<group>"; };
		E29B08FA299FC8000099212A /* ImageFeed.app */ = {isa = PBXFileReference; explicitFileType = wrapper.application; includeInIndex = 0; path = ImageFeed.app; sourceTree = BUILT_PRODUCTS_DIR; };
		E29B08FD299FC8000099212A /* AppDelegate.swift */ = {isa = PBXFileReference; lastKnownFileType = sourcecode.swift; path = AppDelegate.swift; sourceTree = "<group>"; };
		E29B08FF299FC8000099212A /* SceneDelegate.swift */ = {isa = PBXFileReference; lastKnownFileType = sourcecode.swift; path = SceneDelegate.swift; sourceTree = "<group>"; };
		E29B0904299FC8000099212A /* Base */ = {isa = PBXFileReference; lastKnownFileType = file.storyboard; name = Base; path = Base.lproj/Main.storyboard; sourceTree = "<group>"; };
		E29B0906299FC8010099212A /* Assets.xcassets */ = {isa = PBXFileReference; lastKnownFileType = folder.assetcatalog; path = Assets.xcassets; sourceTree = "<group>"; };
		E29B0909299FC8010099212A /* Base */ = {isa = PBXFileReference; lastKnownFileType = file.storyboard; name = Base; path = Base.lproj/LaunchScreen.storyboard; sourceTree = "<group>"; };
		E29B090B299FC8010099212A /* Info.plist */ = {isa = PBXFileReference; lastKnownFileType = text.plist.xml; path = Info.plist; sourceTree = "<group>"; };
		E2A070AF2A09140100909433 /* WebViewControllerProtocol.swift */ = {isa = PBXFileReference; lastKnownFileType = sourcecode.swift; path = WebViewControllerProtocol.swift; sourceTree = "<group>"; };
		E2A070B12A09145C00909433 /* WebViewPresenterProtocol.swift */ = {isa = PBXFileReference; lastKnownFileType = sourcecode.swift; path = WebViewPresenterProtocol.swift; sourceTree = "<group>"; };
		E2A070B32A0915D600909433 /* WebViewPresenter.swift */ = {isa = PBXFileReference; lastKnownFileType = sourcecode.swift; path = WebViewPresenter.swift; sourceTree = "<group>"; };
		E2A070B52A0A124800909433 /* AuthHelperProtocol.swift */ = {isa = PBXFileReference; lastKnownFileType = sourcecode.swift; path = AuthHelperProtocol.swift; sourceTree = "<group>"; };
		E2A070B72A0A128B00909433 /* AuthHelper.swift */ = {isa = PBXFileReference; lastKnownFileType = sourcecode.swift; path = AuthHelper.swift; sourceTree = "<group>"; };
		E2A070BD2A0A180F00909433 /* ImageFeedTests.xctest */ = {isa = PBXFileReference; explicitFileType = wrapper.cfbundle; includeInIndex = 0; path = ImageFeedTests.xctest; sourceTree = BUILT_PRODUCTS_DIR; };
		E2A070BF2A0A180F00909433 /* WebViewTests.swift */ = {isa = PBXFileReference; lastKnownFileType = sourcecode.swift; path = WebViewTests.swift; sourceTree = "<group>"; };
		E2A070C62A0A217800909433 /* ProfilePresenterProtocol.swift */ = {isa = PBXFileReference; lastKnownFileType = sourcecode.swift; path = ProfilePresenterProtocol.swift; sourceTree = "<group>"; };
		E2A070C82A0A218700909433 /* ProfilePresenter.swift */ = {isa = PBXFileReference; lastKnownFileType = sourcecode.swift; path = ProfilePresenter.swift; sourceTree = "<group>"; };
		E2A070CC2A0A355C00909433 /* ProfilePresenterDelegate.swift */ = {isa = PBXFileReference; lastKnownFileType = sourcecode.swift; path = ProfilePresenterDelegate.swift; sourceTree = "<group>"; };
		E2A070CE2A0A457700909433 /* ProfileTests.swift */ = {isa = PBXFileReference; lastKnownFileType = sourcecode.swift; path = ProfileTests.swift; sourceTree = "<group>"; };
		E2A070D02A0A4AD400909433 /* ProfileViewControllerProtocol.swift */ = {isa = PBXFileReference; lastKnownFileType = sourcecode.swift; path = ProfileViewControllerProtocol.swift; sourceTree = "<group>"; };
		E2A070D22A0A525500909433 /* ImagesListPresenterProtocol.swift */ = {isa = PBXFileReference; lastKnownFileType = sourcecode.swift; path = ImagesListPresenterProtocol.swift; sourceTree = "<group>"; };
		E2A070D42A0A527900909433 /* ImagesListPresenter.swift */ = {isa = PBXFileReference; lastKnownFileType = sourcecode.swift; path = ImagesListPresenter.swift; sourceTree = "<group>"; };
		E2A070D62A0A579900909433 /* ImagesListPresenterDelegate.swift */ = {isa = PBXFileReference; lastKnownFileType = sourcecode.swift; path = ImagesListPresenterDelegate.swift; sourceTree = "<group>"; };
		E2A070D82A107A6500909433 /* ImagesListTests.swift */ = {isa = PBXFileReference; lastKnownFileType = sourcecode.swift; path = ImagesListTests.swift; sourceTree = "<group>"; };
		E2A070DA2A107B9500909433 /* ImagesListViewControllerProtocol.swift */ = {isa = PBXFileReference; lastKnownFileType = sourcecode.swift; path = ImagesListViewControllerProtocol.swift; sourceTree = "<group>"; };
		E2A3468329EAF01300580B65 /* ImagesListService.swift */ = {isa = PBXFileReference; lastKnownFileType = sourcecode.swift; path = ImagesListService.swift; sourceTree = "<group>"; };
		E2A3468529EAF05E00580B65 /* Photo.swift */ = {isa = PBXFileReference; lastKnownFileType = sourcecode.swift; path = Photo.swift; sourceTree = "<group>"; };
		E2A3468729EAF52800580B65 /* PhotoResult.swift */ = {isa = PBXFileReference; lastKnownFileType = sourcecode.swift; path = PhotoResult.swift; sourceTree = "<group>"; };
		E2A3469629EED33700580B65 /* PhotoLikedRequest.swift */ = {isa = PBXFileReference; lastKnownFileType = sourcecode.swift; path = PhotoLikedRequest.swift; sourceTree = "<group>"; };
		E2A3469829F01E2800580B65 /* Array + ext.swift */ = {isa = PBXFileReference; lastKnownFileType = sourcecode.swift; path = "Array + ext.swift"; sourceTree = "<group>"; };
		E2A3469A29F0273300580B65 /* ImagesListCellDelegate.swift */ = {isa = PBXFileReference; lastKnownFileType = sourcecode.swift; path = ImagesListCellDelegate.swift; sourceTree = "<group>"; };
		E2B650752A10922900CE54DC /* ImageFeedUITests.xctest */ = {isa = PBXFileReference; explicitFileType = wrapper.cfbundle; includeInIndex = 0; path = ImageFeedUITests.xctest; sourceTree = BUILT_PRODUCTS_DIR; };
		E2B650772A10922900CE54DC /* ImageFeedUITests.swift */ = {isa = PBXFileReference; lastKnownFileType = sourcecode.swift; path = ImageFeedUITests.swift; sourceTree = "<group>"; };
		E2B650792A10922900CE54DC /* ImageFeedUITestsLaunchTests.swift */ = {isa = PBXFileReference; lastKnownFileType = sourcecode.swift; path = ImageFeedUITestsLaunchTests.swift; sourceTree = "<group>"; };
		E2DBF71129C4B5D900E3CCAA /* AuthConfiguration.swift */ = {isa = PBXFileReference; lastKnownFileType = sourcecode.swift; path = AuthConfiguration.swift; sourceTree = "<group>"; };
		E2DBF71429C5F5C100E3CCAA /* WebViewViewController.swift */ = {isa = PBXFileReference; lastKnownFileType = sourcecode.swift; path = WebViewViewController.swift; sourceTree = "<group>"; };
		E2DBF71629C5F6D200E3CCAA /* AuthViewController.swift */ = {isa = PBXFileReference; lastKnownFileType = sourcecode.swift; path = AuthViewController.swift; sourceTree = "<group>"; };
		E2DBF71829C606B900E3CCAA /* WebViewViewControllerDelegate.swift */ = {isa = PBXFileReference; lastKnownFileType = sourcecode.swift; path = WebViewViewControllerDelegate.swift; sourceTree = "<group>"; };
		E2DBF71A29C6E18200E3CCAA /* OAuthTokenResponseBody.swift */ = {isa = PBXFileReference; lastKnownFileType = sourcecode.swift; path = OAuthTokenResponseBody.swift; sourceTree = "<group>"; };
		E2DBF71C29C6E25200E3CCAA /* OAuth2Service.swift */ = {isa = PBXFileReference; lastKnownFileType = sourcecode.swift; path = OAuth2Service.swift; sourceTree = "<group>"; };
		E2DBF71E29C6E51100E3CCAA /* OAuth2TokenStorage.swift */ = {isa = PBXFileReference; lastKnownFileType = sourcecode.swift; path = OAuth2TokenStorage.swift; sourceTree = "<group>"; };
		E2DBF72029C6F8AA00E3CCAA /* URLRequest + ext.swift */ = {isa = PBXFileReference; lastKnownFileType = sourcecode.swift; path = "URLRequest + ext.swift"; sourceTree = "<group>"; };
		E2DBF72229C7031900E3CCAA /* URLSession + Ext.swift */ = {isa = PBXFileReference; lastKnownFileType = sourcecode.swift; path = "URLSession + Ext.swift"; sourceTree = "<group>"; };
		E2DBF79B29CB3D3800E3CCAA /* SplashViewController.swift */ = {isa = PBXFileReference; lastKnownFileType = sourcecode.swift; path = SplashViewController.swift; sourceTree = "<group>"; };
		E2DBF79D29CB426C00E3CCAA /* AuthViewControllerDelegate.swift */ = {isa = PBXFileReference; lastKnownFileType = sourcecode.swift; path = AuthViewControllerDelegate.swift; sourceTree = "<group>"; };
/* End PBXFileReference section */

/* Begin PBXFrameworksBuildPhase section */
		E29B08F7299FC8000099212A /* Frameworks */ = {
			isa = PBXFrameworksBuildPhase;
			buildActionMask = 2147483647;
			files = (
				E27FB58529E2DC6B0011FC55 /* Kingfisher in Frameworks */,
				E25AB97429DDAF9800F4D08D /* ProgressHUD in Frameworks */,
				E27FB58829E41AAC0011FC55 /* SwiftKeychainWrapper in Frameworks */,
			);
			runOnlyForDeploymentPostprocessing = 0;
		};
		E2A070BA2A0A180F00909433 /* Frameworks */ = {
			isa = PBXFrameworksBuildPhase;
			buildActionMask = 2147483647;
			files = (
			);
			runOnlyForDeploymentPostprocessing = 0;
		};
		E2B650722A10922900CE54DC /* Frameworks */ = {
			isa = PBXFrameworksBuildPhase;
			buildActionMask = 2147483647;
			files = (
			);
			runOnlyForDeploymentPostprocessing = 0;
		};
/* End PBXFrameworksBuildPhase section */

/* Begin PBXGroup section */
		E27FB57929E0331D0011FC55 /* ProfileService */ = {
			isa = PBXGroup;
			children = (
				E27FB57A29E033290011FC55 /* ProfileService.swift */,
				E27FB57C29E033C40011FC55 /* Profile.swift */,
			);
			path = ProfileService;
			sourceTree = "<group>";
		};
		E27FB57E29E164490011FC55 /* ProfileImageService */ = {
			isa = PBXGroup;
			children = (
				E27FB57F29E164660011FC55 /* ProfileImageService.swift */,
				E27FB58129E1649A0011FC55 /* UserResult.swift */,
			);
			path = ProfileImageService;
			sourceTree = "<group>";
		};
		E27FB58B29E427FB0011FC55 /* TabBarController */ = {
			isa = PBXGroup;
			children = (
				E27FB58929E427AB0011FC55 /* TabBarController.swift */,
			);
			path = TabBarController;
			sourceTree = "<group>";
		};
		E27FCA1C29A3A04E0001C526 /* ImagesList */ = {
			isa = PBXGroup;
			children = (
				E2A3468229EAEFF100580B65 /* ImagesListService */,
				E27FCA1D29A3A04E0001C526 /* ImagesListViewController.swift */,
				E2A070DA2A107B9500909433 /* ImagesListViewControllerProtocol.swift */,
				E27FCA1E29A3A04E0001C526 /* ImagesListCell.swift */,
				E2A3469A29F0273300580B65 /* ImagesListCellDelegate.swift */,
				E2A070D22A0A525500909433 /* ImagesListPresenterProtocol.swift */,
				E2A070D42A0A527900909433 /* ImagesListPresenter.swift */,
				E2A070D62A0A579900909433 /* ImagesListPresenterDelegate.swift */,
			);
			path = ImagesList;
			sourceTree = "<group>";
		};
		E288D4552A14D88100C4955F /* Model */ = {
			isa = PBXGroup;
			children = (
				E288D4562A14D89500C4955F /* AlertModel.swift */,
			);
			path = Model;
			sourceTree = "<group>";
		};
		E2899B9629B498570064C26B /* Profile */ = {
			isa = PBXGroup;
			children = (
				E288D4552A14D88100C4955F /* Model */,
				E27FB57E29E164490011FC55 /* ProfileImageService */,
				E27FB57929E0331D0011FC55 /* ProfileService */,
				E259A06529B22F0F00F4C649 /* ProfileViewController.swift */,
				E2A070C62A0A217800909433 /* ProfilePresenterProtocol.swift */,
				E2A070C82A0A218700909433 /* ProfilePresenter.swift */,
				E2A070CC2A0A355C00909433 /* ProfilePresenterDelegate.swift */,
				E2A070D02A0A4AD400909433 /* ProfileViewControllerProtocol.swift */,
			);
			path = Profile;
			sourceTree = "<group>";
		};
		E2899B9729B498630064C26B /* SingleImageView */ = {
			isa = PBXGroup;
			children = (
				E259A06729B4817E00F4C649 /* SingleImageViewController.swift */,
			);
			path = SingleImageView;
			sourceTree = "<group>";
		};
		E2938F9029BDA5E900E05696 /* Helpers */ = {
			isa = PBXGroup;
			children = (
				E2938F9329BDA74500E05696 /* Extensions */,
				E27FB57729E019310011FC55 /* UIBlockingProgressHUD.swift */,
				E2938F9129BDA60400E05696 /* Resources.swift */,
				E2DBF71129C4B5D900E3CCAA /* AuthConfiguration.swift */,
			);
			path = Helpers;
			sourceTree = "<group>";
		};
		E2938F9329BDA74500E05696 /* Extensions */ = {
			isa = PBXGroup;
			children = (
				E2938F9429BDA75D00E05696 /* UIColor + ext.swift */,
				E2DBF72029C6F8AA00E3CCAA /* URLRequest + ext.swift */,
				E2DBF72229C7031900E3CCAA /* URLSession + Ext.swift */,
				E2A3469829F01E2800580B65 /* Array + ext.swift */,
			);
			path = Extensions;
			sourceTree = "<group>";
		};
		E29B08F1299FC8000099212A = {
			isa = PBXGroup;
			children = (
				E29B08FC299FC8000099212A /* ImageFeed */,
				E2A070BE2A0A180F00909433 /* ImageFeedTests */,
				E2B650762A10922900CE54DC /* ImageFeedUITests */,
				E29B08FB299FC8000099212A /* Products */,
			);
			sourceTree = "<group>";
		};
		E29B08FB299FC8000099212A /* Products */ = {
			isa = PBXGroup;
			children = (
				E29B08FA299FC8000099212A /* ImageFeed.app */,
				E2A070BD2A0A180F00909433 /* ImageFeedTests.xctest */,
				E2B650752A10922900CE54DC /* ImageFeedUITests.xctest */,
			);
			name = Products;
			sourceTree = "<group>";
		};
		E29B08FC299FC8000099212A /* ImageFeed */ = {
			isa = PBXGroup;
			children = (
				E27FCA1C29A3A04E0001C526 /* ImagesList */,
				E27FB58B29E427FB0011FC55 /* TabBarController */,
				E2DBF7A029CB587C00E3CCAA /* WebViewController */,
				E2DBF79F29CB585800E3CCAA /* SplashViewController */,
				E2DBF71329C5F5AE00E3CCAA /* Auth */,
				E2938F9029BDA5E900E05696 /* Helpers */,
				E2899B9729B498630064C26B /* SingleImageView */,
				E2899B9629B498570064C26B /* Profile */,
				E29B08FD299FC8000099212A /* AppDelegate.swift */,
				E29B08FF299FC8000099212A /* SceneDelegate.swift */,
				E29B0903299FC8000099212A /* Main.storyboard */,
				E29B0906299FC8010099212A /* Assets.xcassets */,
				E29B0908299FC8010099212A /* LaunchScreen.storyboard */,
				E29B090B299FC8010099212A /* Info.plist */,
			);
			path = ImageFeed;
			sourceTree = "<group>";
		};
		E2A070BE2A0A180F00909433 /* ImageFeedTests */ = {
			isa = PBXGroup;
			children = (
				E2A070BF2A0A180F00909433 /* WebViewTests.swift */,
				E2A070CE2A0A457700909433 /* ProfileTests.swift */,
				E2A070D82A107A6500909433 /* ImagesListTests.swift */,
			);
			path = ImageFeedTests;
			sourceTree = "<group>";
		};
		E2A3468229EAEFF100580B65 /* ImagesListService */ = {
			isa = PBXGroup;
			children = (
				E2A3468329EAF01300580B65 /* ImagesListService.swift */,
				E2A3468529EAF05E00580B65 /* Photo.swift */,
				E2A3468729EAF52800580B65 /* PhotoResult.swift */,
				E2A3469629EED33700580B65 /* PhotoLikedRequest.swift */,
			);
			path = ImagesListService;
			sourceTree = "<group>";
		};
		E2B650762A10922900CE54DC /* ImageFeedUITests */ = {
			isa = PBXGroup;
			children = (
				E2B650772A10922900CE54DC /* ImageFeedUITests.swift */,
				E2B650792A10922900CE54DC /* ImageFeedUITestsLaunchTests.swift */,
			);
			path = ImageFeedUITests;
			sourceTree = "<group>";
		};
		E2DBF71329C5F5AE00E3CCAA /* Auth */ = {
			isa = PBXGroup;
			children = (
				E2DBF71629C5F6D200E3CCAA /* AuthViewController.swift */,
				E2DBF71A29C6E18200E3CCAA /* OAuthTokenResponseBody.swift */,
				E2DBF71C29C6E25200E3CCAA /* OAuth2Service.swift */,
				E2DBF71E29C6E51100E3CCAA /* OAuth2TokenStorage.swift */,
				E2DBF79D29CB426C00E3CCAA /* AuthViewControllerDelegate.swift */,
				E2A070B52A0A124800909433 /* AuthHelperProtocol.swift */,
				E2A070B72A0A128B00909433 /* AuthHelper.swift */,
			);
			path = Auth;
			sourceTree = "<group>";
		};
		E2DBF79F29CB585800E3CCAA /* SplashViewController */ = {
			isa = PBXGroup;
			children = (
				E2DBF79B29CB3D3800E3CCAA /* SplashViewController.swift */,
			);
			path = SplashViewController;
			sourceTree = "<group>";
		};
		E2DBF7A029CB587C00E3CCAA /* WebViewController */ = {
			isa = PBXGroup;
			children = (
				E2DBF71429C5F5C100E3CCAA /* WebViewViewController.swift */,
				E2DBF71829C606B900E3CCAA /* WebViewViewControllerDelegate.swift */,
				E2A070AF2A09140100909433 /* WebViewControllerProtocol.swift */,
				E2A070B12A09145C00909433 /* WebViewPresenterProtocol.swift */,
				E2A070B32A0915D600909433 /* WebViewPresenter.swift */,
			);
			path = WebViewController;
			sourceTree = "<group>";
		};
/* End PBXGroup section */

/* Begin PBXNativeTarget section */
		E29B08F9299FC8000099212A /* ImageFeed */ = {
			isa = PBXNativeTarget;
			buildConfigurationList = E29B090E299FC8010099212A /* Build configuration list for PBXNativeTarget "ImageFeed" */;
			buildPhases = (
				E29B08F6299FC8000099212A /* Sources */,
				E29B08F7299FC8000099212A /* Frameworks */,
				E29B08F8299FC8000099212A /* Resources */,
			);
			buildRules = (
			);
			dependencies = (
			);
			name = ImageFeed;
			packageProductDependencies = (
				E25AB97329DDAF9800F4D08D /* ProgressHUD */,
				E27FB58429E2DC6B0011FC55 /* Kingfisher */,
				E27FB58729E41AAC0011FC55 /* SwiftKeychainWrapper */,
			);
			productName = ImageFeed;
			productReference = E29B08FA299FC8000099212A /* ImageFeed.app */;
			productType = "com.apple.product-type.application";
		};
		E2A070BC2A0A180F00909433 /* ImageFeedTests */ = {
			isa = PBXNativeTarget;
			buildConfigurationList = E2A070C32A0A180F00909433 /* Build configuration list for PBXNativeTarget "ImageFeedTests" */;
			buildPhases = (
				E2A070B92A0A180F00909433 /* Sources */,
				E2A070BA2A0A180F00909433 /* Frameworks */,
				E2A070BB2A0A180F00909433 /* Resources */,
			);
			buildRules = (
			);
			dependencies = (
				E2A070C22A0A180F00909433 /* PBXTargetDependency */,
			);
			name = ImageFeedTests;
			productName = ImageFeedTests;
			productReference = E2A070BD2A0A180F00909433 /* ImageFeedTests.xctest */;
			productType = "com.apple.product-type.bundle.unit-test";
		};
		E2B650742A10922900CE54DC /* ImageFeedUITests */ = {
			isa = PBXNativeTarget;
			buildConfigurationList = E2B6507F2A10922900CE54DC /* Build configuration list for PBXNativeTarget "ImageFeedUITests" */;
			buildPhases = (
				E2B650712A10922900CE54DC /* Sources */,
				E2B650722A10922900CE54DC /* Frameworks */,
				E2B650732A10922900CE54DC /* Resources */,
			);
			buildRules = (
			);
			dependencies = (
				E2B6507C2A10922900CE54DC /* PBXTargetDependency */,
			);
			name = ImageFeedUITests;
			productName = ImageFeedUITests;
			productReference = E2B650752A10922900CE54DC /* ImageFeedUITests.xctest */;
			productType = "com.apple.product-type.bundle.ui-testing";
		};
/* End PBXNativeTarget section */

/* Begin PBXProject section */
		E29B08F2299FC8000099212A /* Project object */ = {
			isa = PBXProject;
			attributes = {
				BuildIndependentTargetsInParallel = 1;
				LastSwiftUpdateCheck = 1430;
				LastUpgradeCheck = 1420;
				TargetAttributes = {
					E29B08F9299FC8000099212A = {
						CreatedOnToolsVersion = 14.2;
					};
					E2A070BC2A0A180F00909433 = {
						CreatedOnToolsVersion = 14.3;
						TestTargetID = E29B08F9299FC8000099212A;
					};
					E2B650742A10922900CE54DC = {
						CreatedOnToolsVersion = 14.3;
						TestTargetID = E29B08F9299FC8000099212A;
					};
				};
			};
			buildConfigurationList = E29B08F5299FC8000099212A /* Build configuration list for PBXProject "ImageFeed" */;
			compatibilityVersion = "Xcode 14.0";
			developmentRegion = en;
			hasScannedForEncodings = 0;
			knownRegions = (
				en,
				Base,
			);
			mainGroup = E29B08F1299FC8000099212A;
			packageReferences = (
				E25AB97229DDAF9800F4D08D /* XCRemoteSwiftPackageReference "ProgressHUD" */,
				E27FB58329E2DC6B0011FC55 /* XCRemoteSwiftPackageReference "Kingfisher" */,
				E27FB58629E41AAC0011FC55 /* XCRemoteSwiftPackageReference "SwiftKeychainWrapper" */,
			);
			productRefGroup = E29B08FB299FC8000099212A /* Products */;
			projectDirPath = "";
			projectRoot = "";
			targets = (
				E29B08F9299FC8000099212A /* ImageFeed */,
				E2A070BC2A0A180F00909433 /* ImageFeedTests */,
				E2B650742A10922900CE54DC /* ImageFeedUITests */,
			);
		};
/* End PBXProject section */

/* Begin PBXResourcesBuildPhase section */
		E29B08F8299FC8000099212A /* Resources */ = {
			isa = PBXResourcesBuildPhase;
			buildActionMask = 2147483647;
			files = (
				E29B090A299FC8010099212A /* LaunchScreen.storyboard in Resources */,
				E29B0907299FC8010099212A /* Assets.xcassets in Resources */,
				E29B0905299FC8000099212A /* Main.storyboard in Resources */,
			);
			runOnlyForDeploymentPostprocessing = 0;
		};
		E2A070BB2A0A180F00909433 /* Resources */ = {
			isa = PBXResourcesBuildPhase;
			buildActionMask = 2147483647;
			files = (
			);
			runOnlyForDeploymentPostprocessing = 0;
		};
		E2B650732A10922900CE54DC /* Resources */ = {
			isa = PBXResourcesBuildPhase;
			buildActionMask = 2147483647;
			files = (
			);
			runOnlyForDeploymentPostprocessing = 0;
		};
/* End PBXResourcesBuildPhase section */

/* Begin PBXSourcesBuildPhase section */
		E29B08F6299FC8000099212A /* Sources */ = {
			isa = PBXSourcesBuildPhase;
			buildActionMask = 2147483647;
			files = (
				E2A070D12A0A4AD400909433 /* ProfileViewControllerProtocol.swift in Sources */,
				E2A3469729EED33700580B65 /* PhotoLikedRequest.swift in Sources */,
				E2DBF71729C5F6D200E3CCAA /* AuthViewController.swift in Sources */,
				E2DBF71529C5F5C100E3CCAA /* WebViewViewController.swift in Sources */,
				E29B08FE299FC8000099212A /* AppDelegate.swift in Sources */,
				E2A3468629EAF05E00580B65 /* Photo.swift in Sources */,
				E2A070C72A0A217800909433 /* ProfilePresenterProtocol.swift in Sources */,
				E27FB57829E019310011FC55 /* UIBlockingProgressHUD.swift in Sources */,
				E2DBF79C29CB3D3800E3CCAA /* SplashViewController.swift in Sources */,
				E27FCA2029A3A04E0001C526 /* ImagesListCell.swift in Sources */,
				E2A070B42A0915D600909433 /* WebViewPresenter.swift in Sources */,
				E2938F9229BDA60400E05696 /* Resources.swift in Sources */,
				E2A070B02A09140100909433 /* WebViewControllerProtocol.swift in Sources */,
				E2DBF71B29C6E18200E3CCAA /* OAuthTokenResponseBody.swift in Sources */,
				E2A3468829EAF52800580B65 /* PhotoResult.swift in Sources */,
				E2A3469929F01E2800580B65 /* Array + ext.swift in Sources */,
				E2A070DB2A107B9500909433 /* ImagesListViewControllerProtocol.swift in Sources */,
				E2A070D72A0A579900909433 /* ImagesListPresenterDelegate.swift in Sources */,
				E2DBF71D29C6E25200E3CCAA /* OAuth2Service.swift in Sources */,
				E2DBF72129C6F8AA00E3CCAA /* URLRequest + ext.swift in Sources */,
				E27FB57D29E033C40011FC55 /* Profile.swift in Sources */,
				E2A070B82A0A128B00909433 /* AuthHelper.swift in Sources */,
				E2A070D52A0A527900909433 /* ImagesListPresenter.swift in Sources */,
				E27FB58029E164660011FC55 /* ProfileImageService.swift in Sources */,
				E2A070B62A0A124800909433 /* AuthHelperProtocol.swift in Sources */,
				E2A070D32A0A525500909433 /* ImagesListPresenterProtocol.swift in Sources */,
				E259A06629B22F0F00F4C649 /* ProfileViewController.swift in Sources */,
				E27FCA1F29A3A04E0001C526 /* ImagesListViewController.swift in Sources */,
				E259A06829B4817E00F4C649 /* SingleImageViewController.swift in Sources */,
				E29B0900299FC8000099212A /* SceneDelegate.swift in Sources */,
				E2DBF72329C7031900E3CCAA /* URLSession + Ext.swift in Sources */,
				E27FB58229E1649A0011FC55 /* UserResult.swift in Sources */,
				E27FB58A29E427AB0011FC55 /* TabBarController.swift in Sources */,
				E2DBF71929C606B900E3CCAA /* WebViewViewControllerDelegate.swift in Sources */,
				E2A070CD2A0A355C00909433 /* ProfilePresenterDelegate.swift in Sources */,
				E2DBF71F29C6E51100E3CCAA /* OAuth2TokenStorage.swift in Sources */,
				E2A070C92A0A218700909433 /* ProfilePresenter.swift in Sources */,
				E2A3469B29F0273300580B65 /* ImagesListCellDelegate.swift in Sources */,
				E2A070B22A09145C00909433 /* WebViewPresenterProtocol.swift in Sources */,
				E2DBF79E29CB426C00E3CCAA /* AuthViewControllerDelegate.swift in Sources */,
				E2938F9529BDA75D00E05696 /* UIColor + ext.swift in Sources */,
				E2DBF71229C4B5D900E3CCAA /* AuthConfiguration.swift in Sources */,
				E27FB57B29E033290011FC55 /* ProfileService.swift in Sources */,
				E288D4572A14D89500C4955F /* AlertModel.swift in Sources */,
				E2A3468429EAF01300580B65 /* ImagesListService.swift in Sources */,
			);
			runOnlyForDeploymentPostprocessing = 0;
		};
		E2A070B92A0A180F00909433 /* Sources */ = {
			isa = PBXSourcesBuildPhase;
			buildActionMask = 2147483647;
			files = (
				E2A070D92A107A6500909433 /* ImagesListTests.swift in Sources */,
				E2A070C02A0A180F00909433 /* WebViewTests.swift in Sources */,
				E2A070CF2A0A457700909433 /* ProfileTests.swift in Sources */,
			);
			runOnlyForDeploymentPostprocessing = 0;
		};
		E2B650712A10922900CE54DC /* Sources */ = {
			isa = PBXSourcesBuildPhase;
			buildActionMask = 2147483647;
			files = (
				E2B6507A2A10922900CE54DC /* ImageFeedUITestsLaunchTests.swift in Sources */,
				E2B650782A10922900CE54DC /* ImageFeedUITests.swift in Sources */,
			);
			runOnlyForDeploymentPostprocessing = 0;
		};
/* End PBXSourcesBuildPhase section */

/* Begin PBXTargetDependency section */
		E2A070C22A0A180F00909433 /* PBXTargetDependency */ = {
			isa = PBXTargetDependency;
			target = E29B08F9299FC8000099212A /* ImageFeed */;
			targetProxy = E2A070C12A0A180F00909433 /* PBXContainerItemProxy */;
		};
		E2B6507C2A10922900CE54DC /* PBXTargetDependency */ = {
			isa = PBXTargetDependency;
			target = E29B08F9299FC8000099212A /* ImageFeed */;
			targetProxy = E2B6507B2A10922900CE54DC /* PBXContainerItemProxy */;
		};
/* End PBXTargetDependency section */

/* Begin PBXVariantGroup section */
		E29B0903299FC8000099212A /* Main.storyboard */ = {
			isa = PBXVariantGroup;
			children = (
				E29B0904299FC8000099212A /* Base */,
			);
			name = Main.storyboard;
			sourceTree = "<group>";
		};
		E29B0908299FC8010099212A /* LaunchScreen.storyboard */ = {
			isa = PBXVariantGroup;
			children = (
				E29B0909299FC8010099212A /* Base */,
			);
			name = LaunchScreen.storyboard;
			sourceTree = "<group>";
		};
/* End PBXVariantGroup section */

/* Begin XCBuildConfiguration section */
		E29B090C299FC8010099212A /* Debug */ = {
			isa = XCBuildConfiguration;
			buildSettings = {
				ALWAYS_SEARCH_USER_PATHS = NO;
				CLANG_ANALYZER_NONNULL = YES;
				CLANG_ANALYZER_NUMBER_OBJECT_CONVERSION = YES_AGGRESSIVE;
				CLANG_CXX_LANGUAGE_STANDARD = "gnu++20";
				CLANG_ENABLE_MODULES = YES;
				CLANG_ENABLE_OBJC_ARC = YES;
				CLANG_ENABLE_OBJC_WEAK = YES;
				CLANG_WARN_BLOCK_CAPTURE_AUTORELEASING = YES;
				CLANG_WARN_BOOL_CONVERSION = YES;
				CLANG_WARN_COMMA = YES;
				CLANG_WARN_CONSTANT_CONVERSION = YES;
				CLANG_WARN_DEPRECATED_OBJC_IMPLEMENTATIONS = YES;
				CLANG_WARN_DIRECT_OBJC_ISA_USAGE = YES_ERROR;
				CLANG_WARN_DOCUMENTATION_COMMENTS = YES;
				CLANG_WARN_EMPTY_BODY = YES;
				CLANG_WARN_ENUM_CONVERSION = YES;
				CLANG_WARN_INFINITE_RECURSION = YES;
				CLANG_WARN_INT_CONVERSION = YES;
				CLANG_WARN_NON_LITERAL_NULL_CONVERSION = YES;
				CLANG_WARN_OBJC_IMPLICIT_RETAIN_SELF = YES;
				CLANG_WARN_OBJC_LITERAL_CONVERSION = YES;
				CLANG_WARN_OBJC_ROOT_CLASS = YES_ERROR;
				CLANG_WARN_QUOTED_INCLUDE_IN_FRAMEWORK_HEADER = YES;
				CLANG_WARN_RANGE_LOOP_ANALYSIS = YES;
				CLANG_WARN_STRICT_PROTOTYPES = YES;
				CLANG_WARN_SUSPICIOUS_MOVE = YES;
				CLANG_WARN_UNGUARDED_AVAILABILITY = YES_AGGRESSIVE;
				CLANG_WARN_UNREACHABLE_CODE = YES;
				CLANG_WARN__DUPLICATE_METHOD_MATCH = YES;
				COPY_PHASE_STRIP = NO;
				DEBUG_INFORMATION_FORMAT = dwarf;
				ENABLE_STRICT_OBJC_MSGSEND = YES;
				ENABLE_TESTABILITY = YES;
				GCC_C_LANGUAGE_STANDARD = gnu11;
				GCC_DYNAMIC_NO_PIC = NO;
				GCC_NO_COMMON_BLOCKS = YES;
				GCC_OPTIMIZATION_LEVEL = 0;
				GCC_PREPROCESSOR_DEFINITIONS = (
					"DEBUG=1",
					"$(inherited)",
				);
				GCC_WARN_64_TO_32_BIT_CONVERSION = YES;
				GCC_WARN_ABOUT_RETURN_TYPE = YES_ERROR;
				GCC_WARN_UNDECLARED_SELECTOR = YES;
				GCC_WARN_UNINITIALIZED_AUTOS = YES_AGGRESSIVE;
				GCC_WARN_UNUSED_FUNCTION = YES;
				GCC_WARN_UNUSED_VARIABLE = YES;
				IPHONEOS_DEPLOYMENT_TARGET = 13.0;
				MTL_ENABLE_DEBUG_INFO = INCLUDE_SOURCE;
				MTL_FAST_MATH = YES;
				ONLY_ACTIVE_ARCH = YES;
				SDKROOT = iphoneos;
				SWIFT_ACTIVE_COMPILATION_CONDITIONS = DEBUG;
				SWIFT_OPTIMIZATION_LEVEL = "-Onone";
			};
			name = Debug;
		};
		E29B090D299FC8010099212A /* Release */ = {
			isa = XCBuildConfiguration;
			buildSettings = {
				ALWAYS_SEARCH_USER_PATHS = NO;
				CLANG_ANALYZER_NONNULL = YES;
				CLANG_ANALYZER_NUMBER_OBJECT_CONVERSION = YES_AGGRESSIVE;
				CLANG_CXX_LANGUAGE_STANDARD = "gnu++20";
				CLANG_ENABLE_MODULES = YES;
				CLANG_ENABLE_OBJC_ARC = YES;
				CLANG_ENABLE_OBJC_WEAK = YES;
				CLANG_WARN_BLOCK_CAPTURE_AUTORELEASING = YES;
				CLANG_WARN_BOOL_CONVERSION = YES;
				CLANG_WARN_COMMA = YES;
				CLANG_WARN_CONSTANT_CONVERSION = YES;
				CLANG_WARN_DEPRECATED_OBJC_IMPLEMENTATIONS = YES;
				CLANG_WARN_DIRECT_OBJC_ISA_USAGE = YES_ERROR;
				CLANG_WARN_DOCUMENTATION_COMMENTS = YES;
				CLANG_WARN_EMPTY_BODY = YES;
				CLANG_WARN_ENUM_CONVERSION = YES;
				CLANG_WARN_INFINITE_RECURSION = YES;
				CLANG_WARN_INT_CONVERSION = YES;
				CLANG_WARN_NON_LITERAL_NULL_CONVERSION = YES;
				CLANG_WARN_OBJC_IMPLICIT_RETAIN_SELF = YES;
				CLANG_WARN_OBJC_LITERAL_CONVERSION = YES;
				CLANG_WARN_OBJC_ROOT_CLASS = YES_ERROR;
				CLANG_WARN_QUOTED_INCLUDE_IN_FRAMEWORK_HEADER = YES;
				CLANG_WARN_RANGE_LOOP_ANALYSIS = YES;
				CLANG_WARN_STRICT_PROTOTYPES = YES;
				CLANG_WARN_SUSPICIOUS_MOVE = YES;
				CLANG_WARN_UNGUARDED_AVAILABILITY = YES_AGGRESSIVE;
				CLANG_WARN_UNREACHABLE_CODE = YES;
				CLANG_WARN__DUPLICATE_METHOD_MATCH = YES;
				COPY_PHASE_STRIP = NO;
				DEBUG_INFORMATION_FORMAT = "dwarf-with-dsym";
				ENABLE_NS_ASSERTIONS = NO;
				ENABLE_STRICT_OBJC_MSGSEND = YES;
				GCC_C_LANGUAGE_STANDARD = gnu11;
				GCC_NO_COMMON_BLOCKS = YES;
				GCC_WARN_64_TO_32_BIT_CONVERSION = YES;
				GCC_WARN_ABOUT_RETURN_TYPE = YES_ERROR;
				GCC_WARN_UNDECLARED_SELECTOR = YES;
				GCC_WARN_UNINITIALIZED_AUTOS = YES_AGGRESSIVE;
				GCC_WARN_UNUSED_FUNCTION = YES;
				GCC_WARN_UNUSED_VARIABLE = YES;
				IPHONEOS_DEPLOYMENT_TARGET = 13.0;
				MTL_ENABLE_DEBUG_INFO = NO;
				MTL_FAST_MATH = YES;
				SDKROOT = iphoneos;
				SWIFT_COMPILATION_MODE = wholemodule;
				SWIFT_OPTIMIZATION_LEVEL = "-O";
				VALIDATE_PRODUCT = YES;
			};
			name = Release;
		};
		E29B090F299FC8010099212A /* Debug */ = {
			isa = XCBuildConfiguration;
			buildSettings = {
				ASSETCATALOG_COMPILER_APPICON_NAME = AppIcon;
				ASSETCATALOG_COMPILER_GLOBAL_ACCENT_COLOR_NAME = AccentColor;
				CODE_SIGN_STYLE = Automatic;
				CURRENT_PROJECT_VERSION = 1;
				DEVELOPMENT_TEAM = G2Z3KJVPLW;
				GENERATE_INFOPLIST_FILE = YES;
				INFOPLIST_FILE = ImageFeed/Info.plist;
				INFOPLIST_KEY_UIApplicationSupportsIndirectInputEvents = YES;
				INFOPLIST_KEY_UILaunchStoryboardName = LaunchScreen;
				INFOPLIST_KEY_UIMainStoryboardFile = Main;
				INFOPLIST_KEY_UISupportedInterfaceOrientations = UIInterfaceOrientationPortrait;
				IPHONEOS_DEPLOYMENT_TARGET = 13.0;
				LD_RUNPATH_SEARCH_PATHS = (
					"$(inherited)",
					"@executable_path/Frameworks",
				);
				MARKETING_VERSION = 1.0;
				PRODUCT_BUNDLE_IDENTIFIER = com.sbat2000.ImageFeed;
				PRODUCT_NAME = "$(TARGET_NAME)";
				SUPPORTED_PLATFORMS = "iphoneos iphonesimulator";
				SUPPORTS_MACCATALYST = NO;
				SUPPORTS_MAC_DESIGNED_FOR_IPHONE_IPAD = YES;
				SWIFT_EMIT_LOC_STRINGS = YES;
				SWIFT_VERSION = 5.0;
				TARGETED_DEVICE_FAMILY = 1;
			};
			name = Debug;
		};
		E29B0910299FC8010099212A /* Release */ = {
			isa = XCBuildConfiguration;
			buildSettings = {
				ASSETCATALOG_COMPILER_APPICON_NAME = AppIcon;
				ASSETCATALOG_COMPILER_GLOBAL_ACCENT_COLOR_NAME = AccentColor;
				CODE_SIGN_STYLE = Automatic;
				CURRENT_PROJECT_VERSION = 1;
				DEVELOPMENT_TEAM = G2Z3KJVPLW;
				GENERATE_INFOPLIST_FILE = YES;
				INFOPLIST_FILE = ImageFeed/Info.plist;
				INFOPLIST_KEY_UIApplicationSupportsIndirectInputEvents = YES;
				INFOPLIST_KEY_UILaunchStoryboardName = LaunchScreen;
				INFOPLIST_KEY_UIMainStoryboardFile = Main;
				INFOPLIST_KEY_UISupportedInterfaceOrientations = UIInterfaceOrientationPortrait;
				IPHONEOS_DEPLOYMENT_TARGET = 13.0;
				LD_RUNPATH_SEARCH_PATHS = (
					"$(inherited)",
					"@executable_path/Frameworks",
				);
				MARKETING_VERSION = 1.0;
				PRODUCT_BUNDLE_IDENTIFIER = com.sbat2000.ImageFeed;
				PRODUCT_NAME = "$(TARGET_NAME)";
				SUPPORTED_PLATFORMS = "iphoneos iphonesimulator";
				SUPPORTS_MACCATALYST = NO;
				SUPPORTS_MAC_DESIGNED_FOR_IPHONE_IPAD = YES;
				SWIFT_EMIT_LOC_STRINGS = YES;
				SWIFT_VERSION = 5.0;
				TARGETED_DEVICE_FAMILY = 1;
			};
			name = Release;
		};
		E2A070C42A0A180F00909433 /* Debug */ = {
			isa = XCBuildConfiguration;
			buildSettings = {
				BUNDLE_LOADER = "$(TEST_HOST)";
				CODE_SIGN_STYLE = Automatic;
				CURRENT_PROJECT_VERSION = 1;
				DEVELOPMENT_TEAM = G2Z3KJVPLW;
				GENERATE_INFOPLIST_FILE = YES;
				IPHONEOS_DEPLOYMENT_TARGET = 16.4;
				MARKETING_VERSION = 1.0;
				PRODUCT_BUNDLE_IDENTIFIER = com.agaripov.ImageFeedTests;
				PRODUCT_NAME = "$(TARGET_NAME)";
				SWIFT_EMIT_LOC_STRINGS = NO;
				SWIFT_VERSION = 5.0;
				TARGETED_DEVICE_FAMILY = "1,2";
				TEST_HOST = "$(BUILT_PRODUCTS_DIR)/ImageFeed.app/$(BUNDLE_EXECUTABLE_FOLDER_PATH)/ImageFeed";
			};
			name = Debug;
		};
		E2A070C52A0A180F00909433 /* Release */ = {
			isa = XCBuildConfiguration;
			buildSettings = {
				BUNDLE_LOADER = "$(TEST_HOST)";
				CODE_SIGN_STYLE = Automatic;
				CURRENT_PROJECT_VERSION = 1;
				DEVELOPMENT_TEAM = G2Z3KJVPLW;
				GENERATE_INFOPLIST_FILE = YES;
				IPHONEOS_DEPLOYMENT_TARGET = 16.4;
				MARKETING_VERSION = 1.0;
				PRODUCT_BUNDLE_IDENTIFIER = com.agaripov.ImageFeedTests;
				PRODUCT_NAME = "$(TARGET_NAME)";
				SWIFT_EMIT_LOC_STRINGS = NO;
				SWIFT_VERSION = 5.0;
				TARGETED_DEVICE_FAMILY = "1,2";
				TEST_HOST = "$(BUILT_PRODUCTS_DIR)/ImageFeed.app/$(BUNDLE_EXECUTABLE_FOLDER_PATH)/ImageFeed";
			};
			name = Release;
		};
		E2B6507D2A10922900CE54DC /* Debug */ = {
			isa = XCBuildConfiguration;
			buildSettings = {
				CODE_SIGN_STYLE = Automatic;
				CURRENT_PROJECT_VERSION = 1;
				DEVELOPMENT_TEAM = G2Z3KJVPLW;
				GENERATE_INFOPLIST_FILE = YES;
				IPHONEOS_DEPLOYMENT_TARGET = 16.4;
				MARKETING_VERSION = 1.0;
				PRODUCT_BUNDLE_IDENTIFIER = com.agaripov.ImageFeedUITests;
				PRODUCT_NAME = "$(TARGET_NAME)";
				SWIFT_EMIT_LOC_STRINGS = NO;
				SWIFT_VERSION = 5.0;
				TARGETED_DEVICE_FAMILY = "1,2";
				TEST_TARGET_NAME = ImageFeed;
			};
			name = Debug;
		};
		E2B6507E2A10922900CE54DC /* Release */ = {
			isa = XCBuildConfiguration;
			buildSettings = {
				CODE_SIGN_STYLE = Automatic;
				CURRENT_PROJECT_VERSION = 1;
				DEVELOPMENT_TEAM = G2Z3KJVPLW;
				GENERATE_INFOPLIST_FILE = YES;
				IPHONEOS_DEPLOYMENT_TARGET = 16.4;
				MARKETING_VERSION = 1.0;
				PRODUCT_BUNDLE_IDENTIFIER = com.agaripov.ImageFeedUITests;
				PRODUCT_NAME = "$(TARGET_NAME)";
				SWIFT_EMIT_LOC_STRINGS = NO;
				SWIFT_VERSION = 5.0;
				TARGETED_DEVICE_FAMILY = "1,2";
				TEST_TARGET_NAME = ImageFeed;
			};
			name = Release;
		};
/* End XCBuildConfiguration section */

/* Begin XCConfigurationList section */
		E29B08F5299FC8000099212A /* Build configuration list for PBXProject "ImageFeed" */ = {
			isa = XCConfigurationList;
			buildConfigurations = (
				E29B090C299FC8010099212A /* Debug */,
				E29B090D299FC8010099212A /* Release */,
			);
			defaultConfigurationIsVisible = 0;
			defaultConfigurationName = Release;
		};
		E29B090E299FC8010099212A /* Build configuration list for PBXNativeTarget "ImageFeed" */ = {
			isa = XCConfigurationList;
			buildConfigurations = (
				E29B090F299FC8010099212A /* Debug */,
				E29B0910299FC8010099212A /* Release */,
			);
			defaultConfigurationIsVisible = 0;
			defaultConfigurationName = Release;
		};
		E2A070C32A0A180F00909433 /* Build configuration list for PBXNativeTarget "ImageFeedTests" */ = {
			isa = XCConfigurationList;
			buildConfigurations = (
				E2A070C42A0A180F00909433 /* Debug */,
				E2A070C52A0A180F00909433 /* Release */,
			);
			defaultConfigurationIsVisible = 0;
			defaultConfigurationName = Release;
		};
		E2B6507F2A10922900CE54DC /* Build configuration list for PBXNativeTarget "ImageFeedUITests" */ = {
			isa = XCConfigurationList;
			buildConfigurations = (
				E2B6507D2A10922900CE54DC /* Debug */,
				E2B6507E2A10922900CE54DC /* Release */,
			);
			defaultConfigurationIsVisible = 0;
			defaultConfigurationName = Release;
		};
/* End XCConfigurationList section */

/* Begin XCRemoteSwiftPackageReference section */
		E25AB97229DDAF9800F4D08D /* XCRemoteSwiftPackageReference "ProgressHUD" */ = {
			isa = XCRemoteSwiftPackageReference;
			repositoryURL = "https://github.com/relatedcode/ProgressHUD";
			requirement = {
				kind = exactVersion;
				version = 13.6.2;
			};
		};
		E27FB58329E2DC6B0011FC55 /* XCRemoteSwiftPackageReference "Kingfisher" */ = {
			isa = XCRemoteSwiftPackageReference;
			repositoryURL = "https://github.com/onevcat/Kingfisher";
			requirement = {
				kind = upToNextMajorVersion;
				minimumVersion = 7.0.0;
			};
		};
		E27FB58629E41AAC0011FC55 /* XCRemoteSwiftPackageReference "SwiftKeychainWrapper" */ = {
			isa = XCRemoteSwiftPackageReference;
			repositoryURL = "https://github.com/jrendel/SwiftKeychainWrapper";
			requirement = {
				kind = upToNextMajorVersion;
				minimumVersion = 4.0.0;
			};
		};
/* End XCRemoteSwiftPackageReference section */

/* Begin XCSwiftPackageProductDependency section */
		E25AB97329DDAF9800F4D08D /* ProgressHUD */ = {
			isa = XCSwiftPackageProductDependency;
			package = E25AB97229DDAF9800F4D08D /* XCRemoteSwiftPackageReference "ProgressHUD" */;
			productName = ProgressHUD;
		};
		E27FB58429E2DC6B0011FC55 /* Kingfisher */ = {
			isa = XCSwiftPackageProductDependency;
			package = E27FB58329E2DC6B0011FC55 /* XCRemoteSwiftPackageReference "Kingfisher" */;
			productName = Kingfisher;
		};
		E27FB58729E41AAC0011FC55 /* SwiftKeychainWrapper */ = {
			isa = XCSwiftPackageProductDependency;
			package = E27FB58629E41AAC0011FC55 /* XCRemoteSwiftPackageReference "SwiftKeychainWrapper" */;
			productName = SwiftKeychainWrapper;
		};
/* End XCSwiftPackageProductDependency section */
	};
	rootObject = E29B08F2299FC8000099212A /* Project object */;
}
